
Microsoft Visual Studio Solution File, Format Version 12.00
# Visual Studio Version 16
VisualStudioVersion = 16.0.29806.167
MinimumVisualStudioVersion = 10.0.40219.1
Project("{FAE04EC0-301F-11D3-BF4B-00C04F79EFBC}") = "Lab_1_2", "Lab_1_2.csproj", "{4BDFEC81-1075-4385-92BD-B74C044C0284}"
EndProject
Global
	GlobalSection(SolutionConfigurationPlatforms) = preSolution
		Debug|Any CPU = Debug|Any CPU
		Release|Any CPU = Release|Any CPU
	EndGlobalSection
	GlobalSection(ProjectConfigurationPlatforms) = postSolution
		{4BDFEC81-1075-4385-92BD-B74C044C0284}.Debug|Any CPU.ActiveCfg = Debug|Any CPU
		{4BDFEC81-1075-4385-92BD-B74C044C0284}.Debug|Any CPU.Build.0 = Debug|Any CPU
		{4BDFEC81-1075-4385-92BD-B74C044C0284}.Release|Any CPU.ActiveCfg = Release|Any CPU
		{4BDFEC81-1075-4385-92BD-B74C044C0284}.Release|Any CPU.Build.0 = Release|Any CPU
	EndGlobalSection
	GlobalSection(SolutionProperties) = preSolution
		HideSolutionNode = FALSE
	EndGlobalSection
	GlobalSection(ExtensibilityGlobals) = postSolution
		SolutionGuid = {83132535-F947-4632-98D7-4938A7EAC30D}
	EndGlobalSection
EndGlobal
