
Microsoft Visual Studio Solution File, Format Version 12.00
# Visual Studio Version 16
VisualStudioVersion = 16.0.29905.134
MinimumVisualStudioVersion = 10.0.40219.1
Project("{FAE04EC0-301F-11D3-BF4B-00C04F79EFBC}") = "fuzzySystems", "fuzzySystems\fuzzySystems.csproj", "{A6CB3798-80DF-4FF6-B8A7-BE71BC077117}"
EndProject
Global
	GlobalSection(SolutionConfigurationPlatforms) = preSolution
		Debug|Any CPU = Debug|Any CPU
		Release|Any CPU = Release|Any CPU
	EndGlobalSection
	GlobalSection(ProjectConfigurationPlatforms) = postSolution
		{A6CB3798-80DF-4FF6-B8A7-BE71BC077117}.Debug|Any CPU.ActiveCfg = Debug|Any CPU
		{A6CB3798-80DF-4FF6-B8A7-BE71BC077117}.Debug|Any CPU.Build.0 = Debug|Any CPU
		{A6CB3798-80DF-4FF6-B8A7-BE71BC077117}.Release|Any CPU.ActiveCfg = Release|Any CPU
		{A6CB3798-80DF-4FF6-B8A7-BE71BC077117}.Release|Any CPU.Build.0 = Release|Any CPU
	EndGlobalSection
	GlobalSection(SolutionProperties) = preSolution
		HideSolutionNode = FALSE
	EndGlobalSection
	GlobalSection(ExtensibilityGlobals) = postSolution
		SolutionGuid = {8FB02ABF-9009-4698-B005-14FA18BFC716}
	EndGlobalSection
EndGlobal
